
Microsoft Visual Studio Solution File, Format Version 12.00
# Visual Studio 15
VisualStudioVersion = 15.0.28010.2050
MinimumVisualStudioVersion = 10.0.40219.1
Project("{8BC9CEB8-8B4A-11D0-8D11-00A0C91BC942}") = "MIVisionX_winml_YoloV2", "MIVisionX_winml_YoloV2.vcxproj", "{AB820552-7E22-4349-BA9C-E539EA9906DD}"
EndProject
Global
	GlobalSection(SolutionConfigurationPlatforms) = preSolution
		Debug|x64 = Debug|x64
		Debug|x86 = Debug|x86
		Release|x64 = Release|x64
		Release|x86 = Release|x86
	EndGlobalSection
	GlobalSection(ProjectConfigurationPlatforms) = postSolution
		{AB820552-7E22-4349-BA9C-E539EA9906DD}.Debug|x64.ActiveCfg = Debug|x64
		{AB820552-7E22-4349-BA9C-E539EA9906DD}.Debug|x64.Build.0 = Debug|x64
		{AB820552-7E22-4349-BA9C-E539EA9906DD}.Debug|x86.ActiveCfg = Debug|Win32
		{AB820552-7E22-4349-BA9C-E539EA9906DD}.Debug|x86.Build.0 = Debug|Win32
		{AB820552-7E22-4349-BA9C-E539EA9906DD}.Release|x64.ActiveCfg = Release|x64
		{AB820552-7E22-4349-BA9C-E539EA9906DD}.Release|x64.Build.0 = Release|x64
		{AB820552-7E22-4349-BA9C-E539EA9906DD}.Release|x86.ActiveCfg = Release|Win32
		{AB820552-7E22-4349-BA9C-E539EA9906DD}.Release|x86.Build.0 = Release|Win32
	EndGlobalSection
	GlobalSection(SolutionProperties) = preSolution
		HideSolutionNode = FALSE
	EndGlobalSection
	GlobalSection(ExtensibilityGlobals) = postSolution
		SolutionGuid = {0A3C9DC7-3E3E-45B7-9EF0-7F6EC2977973}
	EndGlobalSection
EndGlobal
