<?xml version="1.0" encoding="utf-8"?>
<Project ToolsVersion="4.0" xmlns="http://schemas.microsoft.com/developer/msbuild/2003">
  <ItemGroup>
    <Filter Include="Source Files">
      <UniqueIdentifier>{4FC737F1-C7A5-4376-A066-2A32D752A2FF}</UniqueIdentifier>
      <Extensions>cpp;c;cc;cxx;def;odl;idl;hpj;bat;asm;asmx</Extensions>
    </Filter>
    <Filter Include="Header Files">
      <UniqueIdentifier>{93995380-89BD-4b04-88EB-625FBE52EBFB}</UniqueIdentifier>
      <Extensions>h;hh;hpp;hxx;hm;inl;inc;xsd</Extensions>
    </Filter>
    <Filter Include="Resource Files">
      <UniqueIdentifier>{67DA6AB6-F800-4c08-8B7A-83BB121AAD01}</UniqueIdentifier>
      <Extensions>rc;ico;cur;bmp;dlg;rc2;rct;bin;rgs;gif;jpg;jpeg;jpe;resx;tiff;tif;png;wav;mfcribbon-ms</Extensions>
    </Filter>
  </ItemGroup>
  <ItemGroup>
    <ClCompile Include="runvx.cpp">
      <Filter>Source Files</Filter>
    </ClCompile>
    <ClCompile Include="vxEngine.cpp">
      <Filter>Source Files</Filter>
    </ClCompile>
    <ClCompile Include="vxEngineUtil.cpp">
      <Filter>Source Files</Filter>
    </ClCompile>
    <ClCompile Include="vxParameter.cpp">
      <Filter>Source Files</Filter>
    </ClCompile>
    <ClCompile Include="vxUtils.cpp">
      <Filter>Source Files</Filter>
    </ClCompile>
    <ClCompile Include="vxImage.cpp">
      <Filter>Source Files</Filter>
    </ClCompile>
    <ClCompile Include="vxArray.cpp">
      <Filter>Source Files</Filter>
    </ClCompile>
    <ClCompile Include="vxPyramid.cpp">
      <Filter>Source Files</Filter>
    </ClCompile>
    <ClCompile Include="vxDistribution.cpp">
      <Filter>Source Files</Filter>
    </ClCompile>
    <ClCompile Include="vxConvolution.cpp">
      <Filter>Source Files</Filter>
    </ClCompile>
    <ClCompile Include="vxLUT.cpp">
      <Filter>Source Files</Filter>
    </ClCompile>
    <ClCompile Include="vxMatrix.cpp">
      <Filter>Source Files</Filter>
    </ClCompile>
    <ClCompile Include="vxRemap.cpp">
      <Filter>Source Files</Filter>
    </ClCompile>
    <ClCompile Include="vxThreshold.cpp">
      <Filter>Source Files</Filter>
    </ClCompile>
    <ClCompile Include="vxScalar.cpp">
      <Filter>Source Files</Filter>
    </ClCompile>
    <ClCompile Include="vxParamHelper.cpp">
      <Filter>Source Files</Filter>
    </ClCompile>
    <ClCompile Include="vxTensor.cpp">
      <Filter>Source Files</Filter>
    </ClCompile>
  </ItemGroup>
  <ItemGroup>
    <ClInclude Include="vxEngine.h">
      <Filter>Header Files</Filter>
    </ClInclude>
    <ClInclude Include="vxParameter.h">
      <Filter>Header Files</Filter>
    </ClInclude>
    <ClInclude Include="vxEngineUtil.h">
      <Filter>Header Files</Filter>
    </ClInclude>
    <ClInclude Include="vxUtils.h">
      <Filter>Header Files</Filter>
    </ClInclude>
    <ClInclude Include="vxImage.h">
      <Filter>Header Files</Filter>
    </ClInclude>
    <ClInclude Include="vxArray.h">
      <Filter>Header Files</Filter>
    </ClInclude>
    <ClInclude Include="vxPyramid.h">
      <Filter>Header Files</Filter>
    </ClInclude>
    <ClInclude Include="vxDistribution.h">
      <Filter>Header Files</Filter>
    </ClInclude>
    <ClInclude Include="vxConvolution.h">
      <Filter>Header Files</Filter>
    </ClInclude>
    <ClInclude Include="vxLUT.h">
      <Filter>Header Files</Filter>
    </ClInclude>
    <ClInclude Include="vxMatrix.h">
      <Filter>Header Files</Filter>
    </ClInclude>
    <ClInclude Include="vxRemap.h">
      <Filter>Header Files</Filter>
    </ClInclude>
    <ClInclude Include="vxScalar.h">
      <Filter>Header Files</Filter>
    </ClInclude>
    <ClInclude Include="vxThreshold.h">
      <Filter>Header Files</Filter>
    </ClInclude>
    <ClInclude Include="vxParamHelper.h">
      <Filter>Header Files</Filter>
    </ClInclude>
    <ClInclude Include="vxTensor.h">
      <Filter>Header Files</Filter>
    </ClInclude>
  </ItemGroup>
</Project>