<?xml version="1.0" encoding="utf-8"?>
<Project ToolsVersion="15.0" xmlns="http://schemas.microsoft.com/developer/msbuild/2003">
  <ItemGroup>
    <Filter Include="Source Files">
      <UniqueIdentifier>{35A8B371-9706-3F50-8E83-CAF0D2A23BF2}</UniqueIdentifier>
    </Filter>
    <Filter Include="Header Files">
      <UniqueIdentifier>{35A8B371-9706-3F50-8E83-CAF0D2A23BF2}</UniqueIdentifier>
    </Filter>
  </ItemGroup>
  <ItemGroup>
    <ClCompile Include="source\internal_dataTranslator.cpp">
      <Filter>Source Files</Filter>
    </ClCompile>
    <ClCompile Include="source\internal_publishKernels.cpp">
      <Filter>Source Files</Filter>
    </ClCompile>
    <ClCompile Include="source\internal_vxNodes.cpp">
      <Filter>Source Files</Filter>
    </ClCompile>
    <ClCompile Include="source\OpenCV_absDiff.cpp">
      <Filter>Source Files</Filter>
    </ClCompile>
    <ClCompile Include="source\OpenCV_adaptiveThreshold.cpp">
      <Filter>Source Files</Filter>
    </ClCompile>
    <ClCompile Include="source\OpenCV_add.cpp">
      <Filter>Source Files</Filter>
    </ClCompile>
    <ClCompile Include="source\OpenCV_addWeighted.cpp">
      <Filter>Source Files</Filter>
    </ClCompile>
    <ClCompile Include="source\OpenCV_bilateralFilter.cpp">
      <Filter>Source Files</Filter>
    </ClCompile>
    <ClCompile Include="source\OpenCV_bitwiseAnd.cpp">
      <Filter>Source Files</Filter>
    </ClCompile>
    <ClCompile Include="source\OpenCV_bitwiseNot.cpp">
      <Filter>Source Files</Filter>
    </ClCompile>
    <ClCompile Include="source\OpenCV_bitwiseOr.cpp">
      <Filter>Source Files</Filter>
    </ClCompile>
    <ClCompile Include="source\OpenCV_bitwiseXor.cpp">
      <Filter>Source Files</Filter>
    </ClCompile>
    <ClCompile Include="source\OpenCV_blur.cpp">
      <Filter>Source Files</Filter>
    </ClCompile>
    <ClCompile Include="source\OpenCV_boxFilter.cpp">
      <Filter>Source Files</Filter>
    </ClCompile>
    <ClCompile Include="source\OpenCV_briskCompute.cpp">
      <Filter>Source Files</Filter>
    </ClCompile>
    <ClCompile Include="source\OpenCV_briskDetector.cpp">
      <Filter>Source Files</Filter>
    </ClCompile>
    <ClCompile Include="source\OpenCV_buildOpticalFlowPyramid.cpp">
      <Filter>Source Files</Filter>
    </ClCompile>
    <ClCompile Include="source\OpenCV_buildPyramid.cpp">
      <Filter>Source Files</Filter>
    </ClCompile>
    <ClCompile Include="source\OpenCV_canny.cpp">
      <Filter>Source Files</Filter>
    </ClCompile>
    <ClCompile Include="source\OpenCV_compare.cpp">
      <Filter>Source Files</Filter>
    </ClCompile>
    <ClCompile Include="source\OpenCV_convertScaleAbs.cpp">
      <Filter>Source Files</Filter>
    </ClCompile>
    <ClCompile Include="source\OpenCV_cornerHarris.cpp">
      <Filter>Source Files</Filter>
    </ClCompile>
    <ClCompile Include="source\OpenCV_cornerMinEigenVal.cpp">
      <Filter>Source Files</Filter>
    </ClCompile>
    <ClCompile Include="source\OpenCV_countNonZero.cpp">
      <Filter>Source Files</Filter>
    </ClCompile>
    <ClCompile Include="source\OpenCV_cvtColor.cpp">
      <Filter>Source Files</Filter>
    </ClCompile>
    <ClCompile Include="source\OpenCV_dilate.cpp">
      <Filter>Source Files</Filter>
    </ClCompile>
    <ClCompile Include="source\OpenCV_distanceTransform.cpp">
      <Filter>Source Files</Filter>
    </ClCompile>
    <ClCompile Include="source\OpenCV_divide.cpp">
      <Filter>Source Files</Filter>
    </ClCompile>
    <ClCompile Include="source\OpenCV_erode.cpp">
      <Filter>Source Files</Filter>
    </ClCompile>
    <ClCompile Include="source\OpenCV_fastFeatureDetector.cpp">
      <Filter>Source Files</Filter>
    </ClCompile>
    <ClCompile Include="source\OpenCV_fastNlMeansDenoising.cpp">
      <Filter>Source Files</Filter>
    </ClCompile>
    <ClCompile Include="source\OpenCV_fastNlMeansDenoisingColored.cpp">
      <Filter>Source Files</Filter>
    </ClCompile>
    <ClCompile Include="source\OpenCV_filter2D.cpp">
      <Filter>Source Files</Filter>
    </ClCompile>
    <ClCompile Include="source\OpenCV_flip.cpp">
      <Filter>Source Files</Filter>
    </ClCompile>
    <ClCompile Include="source\OpenCV_gaussianBlur.cpp">
      <Filter>Source Files</Filter>
    </ClCompile>
    <ClCompile Include="source\OpenCV_goodFeaturesToTrackdetector.cpp">
      <Filter>Source Files</Filter>
    </ClCompile>
    <ClCompile Include="source\OpenCV_integral.cpp">
      <Filter>Source Files</Filter>
    </ClCompile>
    <ClCompile Include="source\OpenCV_laplacian.cpp">
      <Filter>Source Files</Filter>
    </ClCompile>
    <ClCompile Include="source\OpenCV_medianBlur.cpp">
      <Filter>Source Files</Filter>
    </ClCompile>
    <ClCompile Include="source\OpenCV_morphologyEx.cpp">
      <Filter>Source Files</Filter>
    </ClCompile>
    <ClCompile Include="source\OpenCV_mserFeatureDetector.cpp">
      <Filter>Source Files</Filter>
    </ClCompile>
    <ClCompile Include="source\OpenCV_multiply.cpp">
      <Filter>Source Files</Filter>
    </ClCompile>
    <ClCompile Include="source\OpenCV_norm.cpp">
      <Filter>Source Files</Filter>
    </ClCompile>
    <ClCompile Include="source\OpenCV_orbCompute.cpp">
      <Filter>Source Files</Filter>
    </ClCompile>
    <ClCompile Include="source\OpenCV_orbDetector.cpp">
      <Filter>Source Files</Filter>
    </ClCompile>
    <ClCompile Include="source\OpenCV_pyrDown.cpp">
      <Filter>Source Files</Filter>
    </ClCompile>
    <ClCompile Include="source\OpenCV_pyrUp.cpp">
      <Filter>Source Files</Filter>
    </ClCompile>
    <ClCompile Include="source\OpenCV_resize.cpp">
      <Filter>Source Files</Filter>
    </ClCompile>
    <ClCompile Include="source\OpenCV_scharr.cpp">
      <Filter>Source Files</Filter>
    </ClCompile>
    <ClCompile Include="source\OpenCV_sepFilter2D.cpp">
      <Filter>Source Files</Filter>
    </ClCompile>
    <ClCompile Include="source\OpenCV_siftCompute.cpp">
      <Filter>Source Files</Filter>
    </ClCompile>
    <ClCompile Include="source\OpenCV_siftDetect.cpp">
      <Filter>Source Files</Filter>
    </ClCompile>
    <ClCompile Include="source\OpenCV_simpleBlobDetector.cpp">
      <Filter>Source Files</Filter>
    </ClCompile>
    <ClCompile Include="source\OpenCV_sobel.cpp">
      <Filter>Source Files</Filter>
    </ClCompile>
    <ClCompile Include="source\OpenCV_starFeatureDetector.cpp">
      <Filter>Source Files</Filter>
    </ClCompile>
    <ClCompile Include="source\OpenCV_subtract.cpp">
      <Filter>Source Files</Filter>
    </ClCompile>
    <ClCompile Include="source\OpenCV_surfCompute.cpp">
      <Filter>Source Files</Filter>
    </ClCompile>
    <ClCompile Include="source\OpenCV_surfDetect.cpp">
      <Filter>Source Files</Filter>
    </ClCompile>
    <ClCompile Include="source\OpenCV_threshold.cpp">
      <Filter>Source Files</Filter>
    </ClCompile>
    <ClCompile Include="source\OpenCV_transpose.cpp">
      <Filter>Source Files</Filter>
    </ClCompile>
    <ClCompile Include="source\OpenCV_warpAffine.cpp">
      <Filter>Source Files</Filter>
    </ClCompile>
    <ClCompile Include="source\OpenCV_warpPerspective.cpp">
      <Filter>Source Files</Filter>
    </ClCompile>
  </ItemGroup>
  <ItemGroup>
    <ClInclude Include="include\internal_opencvTunnel.h">
      <Filter>Header Files</Filter>
    </ClInclude>
    <ClInclude Include="include\internal_publishKernels.h">
      <Filter>Header Files</Filter>
    </ClInclude>
    <ClInclude Include="include\vx_ext_opencv.h">
      <Filter>Header Files</Filter>
    </ClInclude>
    <ClInclude Include="include\vx_opencv.h">
      <Filter>Header Files</Filter>
    </ClInclude>
  </ItemGroup>
</Project>