<?xml version="1.0" encoding="utf-8"?>
<Project ToolsVersion="4.0" xmlns="http://schemas.microsoft.com/developer/msbuild/2003">
  <ItemGroup>
    <Filter Include="Source Files">
      <UniqueIdentifier>{4FC737F1-C7A5-4376-A066-2A32D752A2FF}</UniqueIdentifier>
      <Extensions>cpp;c;cc;cxx;def;odl;idl;hpj;bat;asm;asmx</Extensions>
    </Filter>
    <Filter Include="Header Files">
      <UniqueIdentifier>{93995380-89BD-4b04-88EB-625FBE52EBFB}</UniqueIdentifier>
      <Extensions>h;hh;hpp;hxx;hm;inl;inc;xsd</Extensions>
    </Filter>
    <Filter Include="Package Files">
      <UniqueIdentifier>{1540424f-05ba-463d-bd25-0675ea099d43}</UniqueIdentifier>
    </Filter>
  </ItemGroup>
  <ItemGroup>
    <ClInclude Include="include\internal_publishKernels.h">
      <Filter>Header Files</Filter>
    </ClInclude>
    <ClInclude Include="include\internal_winmlTunnel.h">
      <Filter>Header Files</Filter>
    </ClInclude>
    <ClInclude Include="include\vx_ext_winml.h">
      <Filter>Header Files</Filter>
    </ClInclude>
    <ClInclude Include="include\vx_winml.h">
      <Filter>Header Files</Filter>
    </ClInclude>
  </ItemGroup>
  <ItemGroup>
    <ClCompile Include="source\internal_dataTranslator.cpp">
      <Filter>Source Files</Filter>
    </ClCompile>
    <ClCompile Include="source\internal_publishKernels.cpp">
      <Filter>Source Files</Filter>
    </ClCompile>
    <ClCompile Include="source\internal_vxNodes.cpp">
      <Filter>Source Files</Filter>
    </ClCompile>
    <ClCompile Include="source\winML_onnxModelNode.cpp">
      <Filter>Source Files</Filter>
    </ClCompile>
    <ClCompile Include="source\winML_imageToTensorConverter.cpp">
      <Filter>Source Files</Filter>
    </ClCompile>
    <ClCompile Include="source\winML_getTopKLabels.cpp">
      <Filter>Source Files</Filter>
    </ClCompile>
  </ItemGroup>
  <ItemGroup>
    <None Include="packages.config">
      <Filter>Package Files</Filter>
    </None>
  </ItemGroup>
</Project>